
Microsoft Visual Studio Solution File, Format Version 12.00
# Visual Studio 15
Project("{FAE04EC0-301F-11D3-BF4B-00C04F79EFBC}") = "Assembly-CSharp", "Assembly-CSharp.csproj", "{BE9D84A4-14D8-FF2A-9AB8-091B2F0CC1B5}"
EndProject
Project("{FAE04EC0-301F-11D3-BF4B-00C04F79EFBC}") = "Assembly-CSharp-Editor", "Assembly-CSharp-Editor.csproj", "{17A57A05-A179-E1EF-C403-ED3550ABB5B7}"
EndProject
Global
	GlobalSection(SolutionConfigurationPlatforms) = preSolution
		Debug|Any CPU = Debug|Any CPU
		Release|Any CPU = Release|Any CPU
	EndGlobalSection
	GlobalSection(ProjectConfigurationPlatforms) = postSolution
		{BE9D84A4-14D8-FF2A-9AB8-091B2F0CC1B5}.Debug|Any CPU.ActiveCfg = Debug|Any CPU
		{BE9D84A4-14D8-FF2A-9AB8-091B2F0CC1B5}.Debug|Any CPU.Build.0 = Debug|Any CPU
		{BE9D84A4-14D8-FF2A-9AB8-091B2F0CC1B5}.Release|Any CPU.ActiveCfg = Release|Any CPU
		{BE9D84A4-14D8-FF2A-9AB8-091B2F0CC1B5}.Release|Any CPU.Build.0 = Release|Any CPU
		{17A57A05-A179-E1EF-C403-ED3550ABB5B7}.Debug|Any CPU.ActiveCfg = Debug|Any CPU
		{17A57A05-A179-E1EF-C403-ED3550ABB5B7}.Debug|Any CPU.Build.0 = Debug|Any CPU
		{17A57A05-A179-E1EF-C403-ED3550ABB5B7}.Release|Any CPU.ActiveCfg = Release|Any CPU
		{17A57A05-A179-E1EF-C403-ED3550ABB5B7}.Release|Any CPU.Build.0 = Release|Any CPU
	EndGlobalSection
	GlobalSection(SolutionProperties) = preSolution
		HideSolutionNode = FALSE
	EndGlobalSection
EndGlobal
