
Microsoft Visual Studio Solution File, Format Version 12.00
# Visual Studio 15
Project("{FAE04EC0-301F-11D3-BF4B-00C04F79EFBC}") = "Assembly-CSharp", "Assembly-CSharp.csproj", "{423AC8D4-67EA-7489-123A-28C6D75C3566}"
EndProject
Project("{FAE04EC0-301F-11D3-BF4B-00C04F79EFBC}") = "Assembly-CSharp-Editor", "Assembly-CSharp-Editor.csproj", "{07489A4E-4AAE-C343-4341-98C567EAF975}"
EndProject
Global
	GlobalSection(SolutionConfigurationPlatforms) = preSolution
		Debug|Any CPU = Debug|Any CPU
		Release|Any CPU = Release|Any CPU
	EndGlobalSection
	GlobalSection(ProjectConfigurationPlatforms) = postSolution
		{423AC8D4-67EA-7489-123A-28C6D75C3566}.Debug|Any CPU.ActiveCfg = Debug|Any CPU
		{423AC8D4-67EA-7489-123A-28C6D75C3566}.Debug|Any CPU.Build.0 = Debug|Any CPU
		{423AC8D4-67EA-7489-123A-28C6D75C3566}.Release|Any CPU.ActiveCfg = Release|Any CPU
		{423AC8D4-67EA-7489-123A-28C6D75C3566}.Release|Any CPU.Build.0 = Release|Any CPU
		{07489A4E-4AAE-C343-4341-98C567EAF975}.Debug|Any CPU.ActiveCfg = Debug|Any CPU
		{07489A4E-4AAE-C343-4341-98C567EAF975}.Debug|Any CPU.Build.0 = Debug|Any CPU
		{07489A4E-4AAE-C343-4341-98C567EAF975}.Release|Any CPU.ActiveCfg = Release|Any CPU
		{07489A4E-4AAE-C343-4341-98C567EAF975}.Release|Any CPU.Build.0 = Release|Any CPU
	EndGlobalSection
	GlobalSection(SolutionProperties) = preSolution
		HideSolutionNode = FALSE
	EndGlobalSection
EndGlobal
